// !$*UTF8*$!
{
	archiveVersion = 1;
	classes = {
	};
	objectVersion = 51;
	objects = {

/* Begin PBXBuildFile section */
		3A76783E71DBEE1F8718EC9D /* Pods_ChoreAppTests.framework in Frameworks */ = {isa = PBXBuildFile; fileRef = 11CFFF1E2844D418F8797117 /* Pods_ChoreAppTests.framework */; };
		8585B12D22ECBC24002244CD /* AddChoreViewController.swift in Sources */ = {isa = PBXBuildFile; fileRef = 8585B12C22ECBC24002244CD /* AddChoreViewController.swift */; };
		8585B12F22ECBF13002244CD /* ChoresListViewController.swift in Sources */ = {isa = PBXBuildFile; fileRef = 8585B12E22ECBF13002244CD /* ChoresListViewController.swift */; };
		8585B13122ECC241002244CD /* Extensions.swift in Sources */ = {isa = PBXBuildFile; fileRef = 8585B13022ECC241002244CD /* Extensions.swift */; };
		8585B13822ECD1BA002244CD /* ChoreCell.swift in Sources */ = {isa = PBXBuildFile; fileRef = 8585B13622ECD1BA002244CD /* ChoreCell.swift */; };
		8585B13922ECD1BA002244CD /* ChoreCell.xib in Resources */ = {isa = PBXBuildFile; fileRef = 8585B13722ECD1BA002244CD /* ChoreCell.xib */; };
		85D5B9B322E3D5E700171568 /* AppDelegate.swift in Sources */ = {isa = PBXBuildFile; fileRef = 85D5B9B222E3D5E700171568 /* AppDelegate.swift */; };
		85D5B9B522E3D5E700171568 /* ViewController.swift in Sources */ = {isa = PBXBuildFile; fileRef = 85D5B9B422E3D5E700171568 /* ViewController.swift */; };
		85D5B9B822E3D5E700171568 /* Main.storyboard in Resources */ = {isa = PBXBuildFile; fileRef = 85D5B9B622E3D5E700171568 /* Main.storyboard */; };
		85D5B9BA22E3D5E800171568 /* Assets.xcassets in Resources */ = {isa = PBXBuildFile; fileRef = 85D5B9B922E3D5E800171568 /* Assets.xcassets */; };
		85D5B9BD22E3D5E800171568 /* LaunchScreen.storyboard in Resources */ = {isa = PBXBuildFile; fileRef = 85D5B9BB22E3D5E800171568 /* LaunchScreen.storyboard */; };
		85D5B9C822E3D5E800171568 /* ChoreAppTests.swift in Sources */ = {isa = PBXBuildFile; fileRef = 85D5B9C722E3D5E800171568 /* ChoreAppTests.swift */; };
		85D5B9D322E3D5E800171568 /* ChoreAppUITests.swift in Sources */ = {isa = PBXBuildFile; fileRef = 85D5B9D222E3D5E800171568 /* ChoreAppUITests.swift */; };
		975DC582A3A2617E2A6E2A85 /* Pods_ChoreAppUITests.framework in Frameworks */ = {isa = PBXBuildFile; fileRef = B2A98D6ED255BFF6D5FC099A /* Pods_ChoreAppUITests.framework */; };
		E509721DF48E1BA2B17F160A /* Pods_ChoreApp.framework in Frameworks */ = {isa = PBXBuildFile; fileRef = 4AC02EA7378A7E3FACBAD9F1 /* Pods_ChoreApp.framework */; };
/* End PBXBuildFile section */

/* Begin PBXContainerItemProxy section */
		85D5B9C422E3D5E800171568 /* PBXContainerItemProxy */ = {
			isa = PBXContainerItemProxy;
			containerPortal = 85D5B9A722E3D5E700171568 /* Project object */;
			proxyType = 1;
			remoteGlobalIDString = 85D5B9AE22E3D5E700171568;
			remoteInfo = ChoreApp;
		};
		85D5B9CF22E3D5E800171568 /* PBXContainerItemProxy */ = {
			isa = PBXContainerItemProxy;
			containerPortal = 85D5B9A722E3D5E700171568 /* Project object */;
			proxyType = 1;
			remoteGlobalIDString = 85D5B9AE22E3D5E700171568;
			remoteInfo = ChoreApp;
		};
/* End PBXContainerItemProxy section */

/* Begin PBXFileReference section */
		09E4723D24E35C340B64AD72 /* Pods-ChoreApp.debug.xcconfig */ = {isa = PBXFileReference; includeInIndex = 1; lastKnownFileType = text.xcconfig; name = "Pods-ChoreApp.debug.xcconfig"; path = "Target Support Files/Pods-ChoreApp/Pods-ChoreApp.debug.xcconfig"; sourceTree = "<group>"; };
		11CFFF1E2844D418F8797117 /* Pods_ChoreAppTests.framework */ = {isa = PBXFileReference; explicitFileType = wrapper.framework; includeInIndex = 0; path = Pods_ChoreAppTests.framework; sourceTree = BUILT_PRODUCTS_DIR; };
		19813DDDAB64E3412AEF6F05 /* Pods-ChoreAppTests.release.xcconfig */ = {isa = PBXFileReference; includeInIndex = 1; lastKnownFileType = text.xcconfig; name = "Pods-ChoreAppTests.release.xcconfig"; path = "Target Support Files/Pods-ChoreAppTests/Pods-ChoreAppTests.release.xcconfig"; sourceTree = "<group>"; };
		4AC02EA7378A7E3FACBAD9F1 /* Pods_ChoreApp.framework */ = {isa = PBXFileReference; explicitFileType = wrapper.framework; includeInIndex = 0; path = Pods_ChoreApp.framework; sourceTree = BUILT_PRODUCTS_DIR; };
		743777F0167BDFFFE9F2FD0E /* Pods-ChoreApp.release.xcconfig */ = {isa = PBXFileReference; includeInIndex = 1; lastKnownFileType = text.xcconfig; name = "Pods-ChoreApp.release.xcconfig"; path = "Target Support Files/Pods-ChoreApp/Pods-ChoreApp.release.xcconfig"; sourceTree = "<group>"; };
		8585B12B22ECAA51002244CD /* Objc-Bridge-Header.h */ = {isa = PBXFileReference; lastKnownFileType = sourcecode.c.h; path = "Objc-Bridge-Header.h"; sourceTree = "<group>"; };
		8585B12C22ECBC24002244CD /* AddChoreViewController.swift */ = {isa = PBXFileReference; lastKnownFileType = sourcecode.swift; path = AddChoreViewController.swift; sourceTree = "<group>"; };
		8585B12E22ECBF13002244CD /* ChoresListViewController.swift */ = {isa = PBXFileReference; lastKnownFileType = sourcecode.swift; path = ChoresListViewController.swift; sourceTree = "<group>"; };
		8585B13022ECC241002244CD /* Extensions.swift */ = {isa = PBXFileReference; lastKnownFileType = sourcecode.swift; path = Extensions.swift; sourceTree = "<group>"; };
		8585B13622ECD1BA002244CD /* ChoreCell.swift */ = {isa = PBXFileReference; lastKnownFileType = sourcecode.swift; path = ChoreCell.swift; sourceTree = "<group>"; };
		8585B13722ECD1BA002244CD /* ChoreCell.xib */ = {isa = PBXFileReference; lastKnownFileType = file.xib; path = ChoreCell.xib; sourceTree = "<group>"; };
		85D5B9AF22E3D5E700171568 /* ChoreApp.app */ = {isa = PBXFileReference; explicitFileType = wrapper.application; includeInIndex = 0; path = ChoreApp.app; sourceTree = BUILT_PRODUCTS_DIR; };
		85D5B9B222E3D5E700171568 /* AppDelegate.swift */ = {isa = PBXFileReference; lastKnownFileType = sourcecode.swift; path = AppDelegate.swift; sourceTree = "<group>"; };
		85D5B9B422E3D5E700171568 /* ViewController.swift */ = {isa = PBXFileReference; lastKnownFileType = sourcecode.swift; path = ViewController.swift; sourceTree = "<group>"; };
		85D5B9B722E3D5E700171568 /* Base */ = {isa = PBXFileReference; lastKnownFileType = file.storyboard; name = Base; path = Base.lproj/Main.storyboard; sourceTree = "<group>"; };
		85D5B9B922E3D5E800171568 /* Assets.xcassets */ = {isa = PBXFileReference; lastKnownFileType = folder.assetcatalog; path = Assets.xcassets; sourceTree = "<group>"; };
		85D5B9BC22E3D5E800171568 /* Base */ = {isa = PBXFileReference; lastKnownFileType = file.storyboard; name = Base; path = Base.lproj/LaunchScreen.storyboard; sourceTree = "<group>"; };
		85D5B9BE22E3D5E800171568 /* Info.plist */ = {isa = PBXFileReference; lastKnownFileType = text.plist.xml; path = Info.plist; sourceTree = "<group>"; };
		85D5B9C322E3D5E800171568 /* ChoreAppTests.xctest */ = {isa = PBXFileReference; explicitFileType = wrapper.cfbundle; includeInIndex = 0; path = ChoreAppTests.xctest; sourceTree = BUILT_PRODUCTS_DIR; };
		85D5B9C722E3D5E800171568 /* ChoreAppTests.swift */ = {isa = PBXFileReference; lastKnownFileType = sourcecode.swift; path = ChoreAppTests.swift; sourceTree = "<group>"; };
		85D5B9C922E3D5E800171568 /* Info.plist */ = {isa = PBXFileReference; lastKnownFileType = text.plist.xml; path = Info.plist; sourceTree = "<group>"; };
		85D5B9CE22E3D5E800171568 /* ChoreAppUITests.xctest */ = {isa = PBXFileReference; explicitFileType = wrapper.cfbundle; includeInIndex = 0; path = ChoreAppUITests.xctest; sourceTree = BUILT_PRODUCTS_DIR; };
		85D5B9D222E3D5E800171568 /* ChoreAppUITests.swift */ = {isa = PBXFileReference; lastKnownFileType = sourcecode.swift; path = ChoreAppUITests.swift; sourceTree = "<group>"; };
		85D5B9D422E3D5E800171568 /* Info.plist */ = {isa = PBXFileReference; lastKnownFileType = text.plist.xml; path = Info.plist; sourceTree = "<group>"; };
		AE5F818F368AA5A87B55AC8B /* Pods-ChoreAppUITests.debug.xcconfig */ = {isa = PBXFileReference; includeInIndex = 1; lastKnownFileType = text.xcconfig; name = "Pods-ChoreAppUITests.debug.xcconfig"; path = "Target Support Files/Pods-ChoreAppUITests/Pods-ChoreAppUITests.debug.xcconfig"; sourceTree = "<group>"; };
		B2A98D6ED255BFF6D5FC099A /* Pods_ChoreAppUITests.framework */ = {isa = PBXFileReference; explicitFileType = wrapper.framework; includeInIndex = 0; path = Pods_ChoreAppUITests.framework; sourceTree = BUILT_PRODUCTS_DIR; };
		C0CA293E909959EA42DCD835 /* Pods-ChoreAppUITests.release.xcconfig */ = {isa = PBXFileReference; includeInIndex = 1; lastKnownFileType = text.xcconfig; name = "Pods-ChoreAppUITests.release.xcconfig"; path = "Target Support Files/Pods-ChoreAppUITests/Pods-ChoreAppUITests.release.xcconfig"; sourceTree = "<group>"; };
		DE259B7D6A879D9D2F86EA7F /* Pods-ChoreAppTests.debug.xcconfig */ = {isa = PBXFileReference; includeInIndex = 1; lastKnownFileType = text.xcconfig; name = "Pods-ChoreAppTests.debug.xcconfig"; path = "Target Support Files/Pods-ChoreAppTests/Pods-ChoreAppTests.debug.xcconfig"; sourceTree = "<group>"; };
/* End PBXFileReference section */

/* Begin PBXFrameworksBuildPhase section */
		85D5B9AC22E3D5E700171568 /* Frameworks */ = {
			isa = PBXFrameworksBuildPhase;
			buildActionMask = 2147483647;
			files = (
				E509721DF48E1BA2B17F160A /* Pods_ChoreApp.framework in Frameworks */,
			);
			runOnlyForDeploymentPostprocessing = 0;
		};
		85D5B9C022E3D5E800171568 /* Frameworks */ = {
			isa = PBXFrameworksBuildPhase;
			buildActionMask = 2147483647;
			files = (
				3A76783E71DBEE1F8718EC9D /* Pods_ChoreAppTests.framework in Frameworks */,
			);
			runOnlyForDeploymentPostprocessing = 0;
		};
		85D5B9CB22E3D5E800171568 /* Frameworks */ = {
			isa = PBXFrameworksBuildPhase;
			buildActionMask = 2147483647;
			files = (
				975DC582A3A2617E2A6E2A85 /* Pods_ChoreAppUITests.framework in Frameworks */,
			);
			runOnlyForDeploymentPostprocessing = 0;
		};
/* End PBXFrameworksBuildPhase section */

/* Begin PBXGroup section */
		85D5B9A622E3D5E700171568 = {
			isa = PBXGroup;
			children = (
				85D5B9B122E3D5E700171568 /* ChoreApp */,
				85D5B9C622E3D5E800171568 /* ChoreAppTests */,
				85D5B9D122E3D5E800171568 /* ChoreAppUITests */,
				85D5B9B022E3D5E700171568 /* Products */,
				C716666275741ACB11FEF05D /* Pods */,
				DE211560F619452D4C240716 /* Frameworks */,
			);
			sourceTree = "<group>";
		};
		85D5B9B022E3D5E700171568 /* Products */ = {
			isa = PBXGroup;
			children = (
				85D5B9AF22E3D5E700171568 /* ChoreApp.app */,
				85D5B9C322E3D5E800171568 /* ChoreAppTests.xctest */,
				85D5B9CE22E3D5E800171568 /* ChoreAppUITests.xctest */,
			);
			name = Products;
			sourceTree = "<group>";
		};
		85D5B9B122E3D5E700171568 /* ChoreApp */ = {
			isa = PBXGroup;
			children = (
				85D5B9B222E3D5E700171568 /* AppDelegate.swift */,
				85D5B9B422E3D5E700171568 /* ViewController.swift */,
				8585B12B22ECAA51002244CD /* Objc-Bridge-Header.h */,
				85D5B9B622E3D5E700171568 /* Main.storyboard */,
				8585B13622ECD1BA002244CD /* ChoreCell.swift */,
				8585B13722ECD1BA002244CD /* ChoreCell.xib */,
				8585B13022ECC241002244CD /* Extensions.swift */,
				8585B12E22ECBF13002244CD /* ChoresListViewController.swift */,
				8585B12C22ECBC24002244CD /* AddChoreViewController.swift */,
				85D5B9B922E3D5E800171568 /* Assets.xcassets */,
				85D5B9BB22E3D5E800171568 /* LaunchScreen.storyboard */,
				85D5B9BE22E3D5E800171568 /* Info.plist */,
			);
			path = ChoreApp;
			sourceTree = "<group>";
		};
		85D5B9C622E3D5E800171568 /* ChoreAppTests */ = {
			isa = PBXGroup;
			children = (
				85D5B9C722E3D5E800171568 /* ChoreAppTests.swift */,
				85D5B9C922E3D5E800171568 /* Info.plist */,
			);
			path = ChoreAppTests;
			sourceTree = "<group>";
		};
		85D5B9D122E3D5E800171568 /* ChoreAppUITests */ = {
			isa = PBXGroup;
			children = (
				85D5B9D222E3D5E800171568 /* ChoreAppUITests.swift */,
				85D5B9D422E3D5E800171568 /* Info.plist */,
			);
			path = ChoreAppUITests;
			sourceTree = "<group>";
		};
		C716666275741ACB11FEF05D /* Pods */ = {
			isa = PBXGroup;
			children = (
				09E4723D24E35C340B64AD72 /* Pods-ChoreApp.debug.xcconfig */,
				743777F0167BDFFFE9F2FD0E /* Pods-ChoreApp.release.xcconfig */,
				DE259B7D6A879D9D2F86EA7F /* Pods-ChoreAppTests.debug.xcconfig */,
				19813DDDAB64E3412AEF6F05 /* Pods-ChoreAppTests.release.xcconfig */,
				AE5F818F368AA5A87B55AC8B /* Pods-ChoreAppUITests.debug.xcconfig */,
				C0CA293E909959EA42DCD835 /* Pods-ChoreAppUITests.release.xcconfig */,
			);
			path = Pods;
			sourceTree = "<group>";
		};
		DE211560F619452D4C240716 /* Frameworks */ = {
			isa = PBXGroup;
			children = (
				4AC02EA7378A7E3FACBAD9F1 /* Pods_ChoreApp.framework */,
				11CFFF1E2844D418F8797117 /* Pods_ChoreAppTests.framework */,
				B2A98D6ED255BFF6D5FC099A /* Pods_ChoreAppUITests.framework */,
			);
			name = Frameworks;
			sourceTree = "<group>";
		};
/* End PBXGroup section */

/* Begin PBXNativeTarget section */
		85D5B9AE22E3D5E700171568 /* ChoreApp */ = {
			isa = PBXNativeTarget;
			buildConfigurationList = 85D5B9D722E3D5E800171568 /* Build configuration list for PBXNativeTarget "ChoreApp" */;
			buildPhases = (
				3F7F3FDBEF5604809E8CDFB0 /* [CP] Check Pods Manifest.lock */,
				85D5B9AB22E3D5E700171568 /* Sources */,
				85D5B9AC22E3D5E700171568 /* Frameworks */,
				85D5B9AD22E3D5E700171568 /* Resources */,
				3E74A4004BCC447CB6E88090 /* [CP] Embed Pods Frameworks */,
			);
			buildRules = (
			);
			dependencies = (
			);
			name = ChoreApp;
			productName = ChoreApp;
			productReference = 85D5B9AF22E3D5E700171568 /* ChoreApp.app */;
			productType = "com.apple.product-type.application";
		};
		85D5B9C222E3D5E800171568 /* ChoreAppTests */ = {
			isa = PBXNativeTarget;
			buildConfigurationList = 85D5B9DA22E3D5E800171568 /* Build configuration list for PBXNativeTarget "ChoreAppTests" */;
			buildPhases = (
				CCEA8973ED704870E002B0A1 /* [CP] Check Pods Manifest.lock */,
				85D5B9BF22E3D5E800171568 /* Sources */,
				85D5B9C022E3D5E800171568 /* Frameworks */,
				85D5B9C122E3D5E800171568 /* Resources */,
			);
			buildRules = (
			);
			dependencies = (
				85D5B9C522E3D5E800171568 /* PBXTargetDependency */,
			);
			name = ChoreAppTests;
			productName = ChoreAppTests;
			productReference = 85D5B9C322E3D5E800171568 /* ChoreAppTests.xctest */;
			productType = "com.apple.product-type.bundle.unit-test";
		};
		85D5B9CD22E3D5E800171568 /* ChoreAppUITests */ = {
			isa = PBXNativeTarget;
			buildConfigurationList = 85D5B9DD22E3D5E800171568 /* Build configuration list for PBXNativeTarget "ChoreAppUITests" */;
			buildPhases = (
				E04FE520E9F4973C1B054285 /* [CP] Check Pods Manifest.lock */,
				85D5B9CA22E3D5E800171568 /* Sources */,
				85D5B9CB22E3D5E800171568 /* Frameworks */,
				85D5B9CC22E3D5E800171568 /* Resources */,
			);
			buildRules = (
			);
			dependencies = (
				85D5B9D022E3D5E800171568 /* PBXTargetDependency */,
			);
			name = ChoreAppUITests;
			productName = ChoreAppUITests;
			productReference = 85D5B9CE22E3D5E800171568 /* ChoreAppUITests.xctest */;
			productType = "com.apple.product-type.bundle.ui-testing";
		};
/* End PBXNativeTarget section */

/* Begin PBXProject section */
		85D5B9A722E3D5E700171568 /* Project object */ = {
			isa = PBXProject;
			attributes = {
				LastSwiftUpdateCheck = 1020;
				LastUpgradeCheck = 1020;
				ORGANIZATIONNAME = "Mackenzie Hampel";
				TargetAttributes = {
					85D5B9AE22E3D5E700171568 = {
						CreatedOnToolsVersion = 10.2.1;
					};
					85D5B9C222E3D5E800171568 = {
						CreatedOnToolsVersion = 10.2.1;
						TestTargetID = 85D5B9AE22E3D5E700171568;
					};
					85D5B9CD22E3D5E800171568 = {
						CreatedOnToolsVersion = 10.2.1;
						TestTargetID = 85D5B9AE22E3D5E700171568;
					};
				};
			};
			buildConfigurationList = 85D5B9AA22E3D5E700171568 /* Build configuration list for PBXProject "ChoreApp" */;
			compatibilityVersion = "Xcode 9.3";
			developmentRegion = en;
			hasScannedForEncodings = 0;
			knownRegions = (
				en,
				Base,
			);
			mainGroup = 85D5B9A622E3D5E700171568;
			productRefGroup = 85D5B9B022E3D5E700171568 /* Products */;
			projectDirPath = "";
			projectRoot = "";
			targets = (
				85D5B9AE22E3D5E700171568 /* ChoreApp */,
				85D5B9C222E3D5E800171568 /* ChoreAppTests */,
				85D5B9CD22E3D5E800171568 /* ChoreAppUITests */,
			);
		};
/* End PBXProject section */

/* Begin PBXResourcesBuildPhase section */
		85D5B9AD22E3D5E700171568 /* Resources */ = {
			isa = PBXResourcesBuildPhase;
			buildActionMask = 2147483647;
			files = (
				85D5B9BD22E3D5E800171568 /* LaunchScreen.storyboard in Resources */,
				85D5B9BA22E3D5E800171568 /* Assets.xcassets in Resources */,
				85D5B9B822E3D5E700171568 /* Main.storyboard in Resources */,
				8585B13922ECD1BA002244CD /* ChoreCell.xib in Resources */,
			);
			runOnlyForDeploymentPostprocessing = 0;
		};
		85D5B9C122E3D5E800171568 /* Resources */ = {
			isa = PBXResourcesBuildPhase;
			buildActionMask = 2147483647;
			files = (
			);
			runOnlyForDeploymentPostprocessing = 0;
		};
		85D5B9CC22E3D5E800171568 /* Resources */ = {
			isa = PBXResourcesBuildPhase;
			buildActionMask = 2147483647;
			files = (
			);
			runOnlyForDeploymentPostprocessing = 0;
		};
/* End PBXResourcesBuildPhase section */

/* Begin PBXShellScriptBuildPhase section */
		3E74A4004BCC447CB6E88090 /* [CP] Embed Pods Frameworks */ = {
			isa = PBXShellScriptBuildPhase;
			buildActionMask = 2147483647;
			files = (
			);
			inputFileListPaths = (
				"${PODS_ROOT}/Target Support Files/Pods-ChoreApp/Pods-ChoreApp-frameworks-${CONFIGURATION}-input-files.xcfilelist",
			);
			name = "[CP] Embed Pods Frameworks";
			outputFileListPaths = (
				"${PODS_ROOT}/Target Support Files/Pods-ChoreApp/Pods-ChoreApp-frameworks-${CONFIGURATION}-output-files.xcfilelist",
			);
			runOnlyForDeploymentPostprocessing = 0;
			shellPath = /bin/sh;
			shellScript = "\"${PODS_ROOT}/Target Support Files/Pods-ChoreApp/Pods-ChoreApp-frameworks.sh\"\n";
			showEnvVarsInLog = 0;
		};
		3F7F3FDBEF5604809E8CDFB0 /* [CP] Check Pods Manifest.lock */ = {
			isa = PBXShellScriptBuildPhase;
			buildActionMask = 2147483647;
			files = (
			);
			inputFileListPaths = (
			);
			inputPaths = (
				"${PODS_PODFILE_DIR_PATH}/Podfile.lock",
				"${PODS_ROOT}/Manifest.lock",
			);
			name = "[CP] Check Pods Manifest.lock";
			outputFileListPaths = (
			);
			outputPaths = (
				"$(DERIVED_FILE_DIR)/Pods-ChoreApp-checkManifestLockResult.txt",
			);
			runOnlyForDeploymentPostprocessing = 0;
			shellPath = /bin/sh;
			shellScript = "diff \"${PODS_PODFILE_DIR_PATH}/Podfile.lock\" \"${PODS_ROOT}/Manifest.lock\" > /dev/null\nif [ $? != 0 ] ; then\n    # print error to STDERR\n    echo \"error: The sandbox is not in sync with the Podfile.lock. Run 'pod install' or update your CocoaPods installation.\" >&2\n    exit 1\nfi\n# This output is used by Xcode 'outputs' to avoid re-running this script phase.\necho \"SUCCESS\" > \"${SCRIPT_OUTPUT_FILE_0}\"\n";
			showEnvVarsInLog = 0;
		};
		CCEA8973ED704870E002B0A1 /* [CP] Check Pods Manifest.lock */ = {
			isa = PBXShellScriptBuildPhase;
			buildActionMask = 2147483647;
			files = (
			);
			inputFileListPaths = (
			);
			inputPaths = (
				"${PODS_PODFILE_DIR_PATH}/Podfile.lock",
				"${PODS_ROOT}/Manifest.lock",
			);
			name = "[CP] Check Pods Manifest.lock";
			outputFileListPaths = (
			);
			outputPaths = (
				"$(DERIVED_FILE_DIR)/Pods-ChoreAppTests-checkManifestLockResult.txt",
			);
			runOnlyForDeploymentPostprocessing = 0;
			shellPath = /bin/sh;
			shellScript = "diff \"${PODS_PODFILE_DIR_PATH}/Podfile.lock\" \"${PODS_ROOT}/Manifest.lock\" > /dev/null\nif [ $? != 0 ] ; then\n    # print error to STDERR\n    echo \"error: The sandbox is not in sync with the Podfile.lock. Run 'pod install' or update your CocoaPods installation.\" >&2\n    exit 1\nfi\n# This output is used by Xcode 'outputs' to avoid re-running this script phase.\necho \"SUCCESS\" > \"${SCRIPT_OUTPUT_FILE_0}\"\n";
			showEnvVarsInLog = 0;
		};
		E04FE520E9F4973C1B054285 /* [CP] Check Pods Manifest.lock */ = {
			isa = PBXShellScriptBuildPhase;
			buildActionMask = 2147483647;
			files = (
			);
			inputFileListPaths = (
			);
			inputPaths = (
				"${PODS_PODFILE_DIR_PATH}/Podfile.lock",
				"${PODS_ROOT}/Manifest.lock",
			);
			name = "[CP] Check Pods Manifest.lock";
			outputFileListPaths = (
			);
			outputPaths = (
				"$(DERIVED_FILE_DIR)/Pods-ChoreAppUITests-checkManifestLockResult.txt",
			);
			runOnlyForDeploymentPostprocessing = 0;
			shellPath = /bin/sh;
			shellScript = "diff \"${PODS_PODFILE_DIR_PATH}/Podfile.lock\" \"${PODS_ROOT}/Manifest.lock\" > /dev/null\nif [ $? != 0 ] ; then\n    # print error to STDERR\n    echo \"error: The sandbox is not in sync with the Podfile.lock. Run 'pod install' or update your CocoaPods installation.\" >&2\n    exit 1\nfi\n# This output is used by Xcode 'outputs' to avoid re-running this script phase.\necho \"SUCCESS\" > \"${SCRIPT_OUTPUT_FILE_0}\"\n";
			showEnvVarsInLog = 0;
		};
/* End PBXShellScriptBuildPhase section */

/* Begin PBXSourcesBuildPhase section */
		85D5B9AB22E3D5E700171568 /* Sources */ = {
			isa = PBXSourcesBuildPhase;
			buildActionMask = 2147483647;
			files = (
				8585B13122ECC241002244CD /* Extensions.swift in Sources */,
				8585B13822ECD1BA002244CD /* ChoreCell.swift in Sources */,
				8585B12F22ECBF13002244CD /* ChoresListViewController.swift in Sources */,
				85D5B9B522E3D5E700171568 /* ViewController.swift in Sources */,
				8585B12D22ECBC24002244CD /* AddChoreViewController.swift in Sources */,
				85D5B9B322E3D5E700171568 /* AppDelegate.swift in Sources */,
			);
			runOnlyForDeploymentPostprocessing = 0;
		};
		85D5B9BF22E3D5E800171568 /* Sources */ = {
			isa = PBXSourcesBuildPhase;
			buildActionMask = 2147483647;
			files = (
				85D5B9C822E3D5E800171568 /* ChoreAppTests.swift in Sources */,
			);
			runOnlyForDeploymentPostprocessing = 0;
		};
		85D5B9CA22E3D5E800171568 /* Sources */ = {
			isa = PBXSourcesBuildPhase;
			buildActionMask = 2147483647;
			files = (
				85D5B9D322E3D5E800171568 /* ChoreAppUITests.swift in Sources */,
			);
			runOnlyForDeploymentPostprocessing = 0;
		};
/* End PBXSourcesBuildPhase section */

/* Begin PBXTargetDependency section */
		85D5B9C522E3D5E800171568 /* PBXTargetDependency */ = {
			isa = PBXTargetDependency;
			target = 85D5B9AE22E3D5E700171568 /* ChoreApp */;
			targetProxy = 85D5B9C422E3D5E800171568 /* PBXContainerItemProxy */;
		};
		85D5B9D022E3D5E800171568 /* PBXTargetDependency */ = {
			isa = PBXTargetDependency;
			target = 85D5B9AE22E3D5E700171568 /* ChoreApp */;
			targetProxy = 85D5B9CF22E3D5E800171568 /* PBXContainerItemProxy */;
		};
/* End PBXTargetDependency section */

/* Begin PBXVariantGroup section */
		85D5B9B622E3D5E700171568 /* Main.storyboard */ = {
			isa = PBXVariantGroup;
			children = (
				85D5B9B722E3D5E700171568 /* Base */,
			);
			name = Main.storyboard;
			sourceTree = "<group>";
		};
		85D5B9BB22E3D5E800171568 /* LaunchScreen.storyboard */ = {
			isa = PBXVariantGroup;
			children = (
				85D5B9BC22E3D5E800171568 /* Base */,
			);
			name = LaunchScreen.storyboard;
			sourceTree = "<group>";
		};
/* End PBXVariantGroup section */

/* Begin XCBuildConfiguration section */
		85D5B9D522E3D5E800171568 /* Debug */ = {
			isa = XCBuildConfiguration;
			buildSettings = {
				ALWAYS_SEARCH_USER_PATHS = NO;
				CLANG_ANALYZER_NONNULL = YES;
				CLANG_ANALYZER_NUMBER_OBJECT_CONVERSION = YES_AGGRESSIVE;
				CLANG_CXX_LANGUAGE_STANDARD = "gnu++14";
				CLANG_CXX_LIBRARY = "libc++";
				CLANG_ENABLE_MODULES = YES;
				CLANG_ENABLE_OBJC_ARC = YES;
				CLANG_ENABLE_OBJC_WEAK = YES;
				CLANG_WARN_BLOCK_CAPTURE_AUTORELEASING = YES;
				CLANG_WARN_BOOL_CONVERSION = YES;
				CLANG_WARN_COMMA = YES;
				CLANG_WARN_CONSTANT_CONVERSION = YES;
				CLANG_WARN_DEPRECATED_OBJC_IMPLEMENTATIONS = YES;
				CLANG_WARN_DIRECT_OBJC_ISA_USAGE = YES_ERROR;
				CLANG_WARN_DOCUMENTATION_COMMENTS = YES;
				CLANG_WARN_EMPTY_BODY = YES;
				CLANG_WARN_ENUM_CONVERSION = YES;
				CLANG_WARN_INFINITE_RECURSION = YES;
				CLANG_WARN_INT_CONVERSION = YES;
				CLANG_WARN_NON_LITERAL_NULL_CONVERSION = YES;
				CLANG_WARN_OBJC_IMPLICIT_RETAIN_SELF = YES;
				CLANG_WARN_OBJC_LITERAL_CONVERSION = YES;
				CLANG_WARN_OBJC_ROOT_CLASS = YES_ERROR;
				CLANG_WARN_RANGE_LOOP_ANALYSIS = YES;
				CLANG_WARN_STRICT_PROTOTYPES = YES;
				CLANG_WARN_SUSPICIOUS_MOVE = YES;
				CLANG_WARN_UNGUARDED_AVAILABILITY = YES_AGGRESSIVE;
				CLANG_WARN_UNREACHABLE_CODE = YES;
				CLANG_WARN__DUPLICATE_METHOD_MATCH = YES;
				CODE_SIGN_IDENTITY = "iPhone Developer";
				COPY_PHASE_STRIP = NO;
				DEBUG_INFORMATION_FORMAT = dwarf;
				ENABLE_STRICT_OBJC_MSGSEND = YES;
				ENABLE_TESTABILITY = YES;
				GCC_C_LANGUAGE_STANDARD = gnu11;
				GCC_DYNAMIC_NO_PIC = NO;
				GCC_NO_COMMON_BLOCKS = YES;
				GCC_OPTIMIZATION_LEVEL = 0;
				GCC_PREPROCESSOR_DEFINITIONS = (
					"DEBUG=1",
					"$(inherited)",
				);
				GCC_WARN_64_TO_32_BIT_CONVERSION = YES;
				GCC_WARN_ABOUT_RETURN_TYPE = YES_ERROR;
				GCC_WARN_UNDECLARED_SELECTOR = YES;
				GCC_WARN_UNINITIALIZED_AUTOS = YES_AGGRESSIVE;
				GCC_WARN_UNUSED_FUNCTION = YES;
				GCC_WARN_UNUSED_VARIABLE = YES;
				IPHONEOS_DEPLOYMENT_TARGET = 12.2;
				MTL_ENABLE_DEBUG_INFO = INCLUDE_SOURCE;
				MTL_FAST_MATH = YES;
				ONLY_ACTIVE_ARCH = YES;
				SDKROOT = iphoneos;
				SWIFT_ACTIVE_COMPILATION_CONDITIONS = DEBUG;
				SWIFT_OPTIMIZATION_LEVEL = "-Onone";
			};
			name = Debug;
		};
		85D5B9D622E3D5E800171568 /* Release */ = {
			isa = XCBuildConfiguration;
			buildSettings = {
				ALWAYS_SEARCH_USER_PATHS = NO;
				CLANG_ANALYZER_NONNULL = YES;
				CLANG_ANALYZER_NUMBER_OBJECT_CONVERSION = YES_AGGRESSIVE;
				CLANG_CXX_LANGUAGE_STANDARD = "gnu++14";
				CLANG_CXX_LIBRARY = "libc++";
				CLANG_ENABLE_MODULES = YES;
				CLANG_ENABLE_OBJC_ARC = YES;
				CLANG_ENABLE_OBJC_WEAK = YES;
				CLANG_WARN_BLOCK_CAPTURE_AUTORELEASING = YES;
				CLANG_WARN_BOOL_CONVERSION = YES;
				CLANG_WARN_COMMA = YES;
				CLANG_WARN_CONSTANT_CONVERSION = YES;
				CLANG_WARN_DEPRECATED_OBJC_IMPLEMENTATIONS = YES;
				CLANG_WARN_DIRECT_OBJC_ISA_USAGE = YES_ERROR;
				CLANG_WARN_DOCUMENTATION_COMMENTS = YES;
				CLANG_WARN_EMPTY_BODY = YES;
				CLANG_WARN_ENUM_CONVERSION = YES;
				CLANG_WARN_INFINITE_RECURSION = YES;
				CLANG_WARN_INT_CONVERSION = YES;
				CLANG_WARN_NON_LITERAL_NULL_CONVERSION = YES;
				CLANG_WARN_OBJC_IMPLICIT_RETAIN_SELF = YES;
				CLANG_WARN_OBJC_LITERAL_CONVERSION = YES;
				CLANG_WARN_OBJC_ROOT_CLASS = YES_ERROR;
				CLANG_WARN_RANGE_LOOP_ANALYSIS = YES;
				CLANG_WARN_STRICT_PROTOTYPES = YES;
				CLANG_WARN_SUSPICIOUS_MOVE = YES;
				CLANG_WARN_UNGUARDED_AVAILABILITY = YES_AGGRESSIVE;
				CLANG_WARN_UNREACHABLE_CODE = YES;
				CLANG_WARN__DUPLICATE_METHOD_MATCH = YES;
				CODE_SIGN_IDENTITY = "iPhone Developer";
				COPY_PHASE_STRIP = NO;
				DEBUG_INFORMATION_FORMAT = "dwarf-with-dsym";
				ENABLE_NS_ASSERTIONS = NO;
				ENABLE_STRICT_OBJC_MSGSEND = YES;
				GCC_C_LANGUAGE_STANDARD = gnu11;
				GCC_NO_COMMON_BLOCKS = YES;
				GCC_WARN_64_TO_32_BIT_CONVERSION = YES;
				GCC_WARN_ABOUT_RETURN_TYPE = YES_ERROR;
				GCC_WARN_UNDECLARED_SELECTOR = YES;
				GCC_WARN_UNINITIALIZED_AUTOS = YES_AGGRESSIVE;
				GCC_WARN_UNUSED_FUNCTION = YES;
				GCC_WARN_UNUSED_VARIABLE = YES;
				IPHONEOS_DEPLOYMENT_TARGET = 12.2;
				MTL_ENABLE_DEBUG_INFO = NO;
				MTL_FAST_MATH = YES;
				SDKROOT = iphoneos;
				SWIFT_COMPILATION_MODE = wholemodule;
				SWIFT_OPTIMIZATION_LEVEL = "-O";
				VALIDATE_PRODUCT = YES;
			};
			name = Release;
		};
		85D5B9D822E3D5E800171568 /* Debug */ = {
			isa = XCBuildConfiguration;
			baseConfigurationReference = 09E4723D24E35C340B64AD72 /* Pods-ChoreApp.debug.xcconfig */;
			buildSettings = {
				ASSETCATALOG_COMPILER_APPICON_NAME = AppIcon;
				CODE_SIGN_STYLE = Automatic;
				DEVELOPMENT_TEAM = Q7S6D9G55V;
				INFOPLIST_FILE = ChoreApp/Info.plist;
				LD_RUNPATH_SEARCH_PATHS = (
					"$(inherited)",
					"@executable_path/Frameworks",
				);
				PRODUCT_BUNDLE_IDENTIFIER = com.MackenzieHampel.ChoreApp;
				PRODUCT_NAME = "$(TARGET_NAME)";
				SWIFT_VERSION = 5.0;
				TARGETED_DEVICE_FAMILY = "1,2";
			};
			name = Debug;
		};
		85D5B9D922E3D5E800171568 /* Release */ = {
			isa = XCBuildConfiguration;
			baseConfigurationReference = 743777F0167BDFFFE9F2FD0E /* Pods-ChoreApp.release.xcconfig */;
			buildSettings = {
				ASSETCATALOG_COMPILER_APPICON_NAME = AppIcon;
				CODE_SIGN_STYLE = Automatic;
				DEVELOPMENT_TEAM = Q7S6D9G55V;
				INFOPLIST_FILE = ChoreApp/Info.plist;
				LD_RUNPATH_SEARCH_PATHS = (
					"$(inherited)",
					"@executable_path/Frameworks",
				);
				PRODUCT_BUNDLE_IDENTIFIER = com.MackenzieHampel.ChoreApp;
				PRODUCT_NAME = "$(TARGET_NAME)";
				SWIFT_VERSION = 5.0;
				TARGETED_DEVICE_FAMILY = "1,2";
			};
			name = Release;
		};
		85D5B9DB22E3D5E800171568 /* Debug */ = {
			isa = XCBuildConfiguration;
			baseConfigurationReference = DE259B7D6A879D9D2F86EA7F /* Pods-ChoreAppTests.debug.xcconfig */;
			buildSettings = {
				ALWAYS_EMBED_SWIFT_STANDARD_LIBRARIES = YES;
				BUNDLE_LOADER = "$(TEST_HOST)";
				CODE_SIGN_STYLE = Automatic;
				INFOPLIST_FILE = ChoreAppTests/Info.plist;
				LD_RUNPATH_SEARCH_PATHS = (
					"$(inherited)",
					"@executable_path/Frameworks",
					"@loader_path/Frameworks",
				);
				PRODUCT_BUNDLE_IDENTIFIER = com.MackenzieHampel.ChoreAppTests;
				PRODUCT_NAME = "$(TARGET_NAME)";
				SWIFT_VERSION = 5.0;
				TARGETED_DEVICE_FAMILY = "1,2";
				TEST_HOST = "$(BUILT_PRODUCTS_DIR)/ChoreApp.app/ChoreApp";
			};
			name = Debug;
		};
		85D5B9DC22E3D5E800171568 /* Release */ = {
			isa = XCBuildConfiguration;
			baseConfigurationReference = 19813DDDAB64E3412AEF6F05 /* Pods-ChoreAppTests.release.xcconfig */;
			buildSettings = {
				ALWAYS_EMBED_SWIFT_STANDARD_LIBRARIES = YES;
				BUNDLE_LOADER = "$(TEST_HOST)";
				CODE_SIGN_STYLE = Automatic;
				INFOPLIST_FILE = ChoreAppTests/Info.plist;
				LD_RUNPATH_SEARCH_PATHS = (
					"$(inherited)",
					"@executable_path/Frameworks",
					"@loader_path/Frameworks",
				);
				PRODUCT_BUNDLE_IDENTIFIER = com.MackenzieHampel.ChoreAppTests;
				PRODUCT_NAME = "$(TARGET_NAME)";
				SWIFT_VERSION = 5.0;
				TARGETED_DEVICE_FAMILY = "1,2";
				TEST_HOST = "$(BUILT_PRODUCTS_DIR)/ChoreApp.app/ChoreApp";
			};
			name = Release;
		};
		85D5B9DE22E3D5E800171568 /* Debug */ = {
			isa = XCBuildConfiguration;
			baseConfigurationReference = AE5F818F368AA5A87B55AC8B /* Pods-ChoreAppUITests.debug.xcconfig */;
			buildSettings = {
				ALWAYS_EMBED_SWIFT_STANDARD_LIBRARIES = YES;
				CODE_SIGN_STYLE = Automatic;
				INFOPLIST_FILE = ChoreAppUITests/Info.plist;
				LD_RUNPATH_SEARCH_PATHS = (
					"$(inherited)",
					"@executable_path/Frameworks",
					"@loader_path/Frameworks",
				);
				PRODUCT_BUNDLE_IDENTIFIER = com.MackenzieHampel.ChoreAppUITests;
				PRODUCT_NAME = "$(TARGET_NAME)";
				SWIFT_VERSION = 5.0;
				TARGETED_DEVICE_FAMILY = "1,2";
				TEST_TARGET_NAME = ChoreApp;
			};
			name = Debug;
		};
		85D5B9DF22E3D5E800171568 /* Release */ = {
			isa = XCBuildConfiguration;
			baseConfigurationReference = C0CA293E909959EA42DCD835 /* Pods-ChoreAppUITests.release.xcconfig */;
			buildSettings = {
				ALWAYS_EMBED_SWIFT_STANDARD_LIBRARIES = YES;
				CODE_SIGN_STYLE = Automatic;
				INFOPLIST_FILE = ChoreAppUITests/Info.plist;
				LD_RUNPATH_SEARCH_PATHS = (
					"$(inherited)",
					"@executable_path/Frameworks",
					"@loader_path/Frameworks",
				);
				PRODUCT_BUNDLE_IDENTIFIER = com.MackenzieHampel.ChoreAppUITests;
				PRODUCT_NAME = "$(TARGET_NAME)";
				SWIFT_VERSION = 5.0;
				TARGETED_DEVICE_FAMILY = "1,2";
				TEST_TARGET_NAME = ChoreApp;
			};
			name = Release;
		};
/* End XCBuildConfiguration section */

/* Begin XCConfigurationList section */
		85D5B9AA22E3D5E700171568 /* Build configuration list for PBXProject "ChoreApp" */ = {
			isa = XCConfigurationList;
			buildConfigurations = (
				85D5B9D522E3D5E800171568 /* Debug */,
				85D5B9D622E3D5E800171568 /* Release */,
			);
			defaultConfigurationIsVisible = 0;
			defaultConfigurationName = Release;
		};
		85D5B9D722E3D5E800171568 /* Build configuration list for PBXNativeTarget "ChoreApp" */ = {
			isa = XCConfigurationList;
			buildConfigurations = (
				85D5B9D822E3D5E800171568 /* Debug */,
				85D5B9D922E3D5E800171568 /* Release */,
			);
			defaultConfigurationIsVisible = 0;
			defaultConfigurationName = Release;
		};
		85D5B9DA22E3D5E800171568 /* Build configuration list for PBXNativeTarget "ChoreAppTests" */ = {
			isa = XCConfigurationList;
			buildConfigurations = (
				85D5B9DB22E3D5E800171568 /* Debug */,
				85D5B9DC22E3D5E800171568 /* Release */,
			);
			defaultConfigurationIsVisible = 0;
			defaultConfigurationName = Release;
		};
		85D5B9DD22E3D5E800171568 /* Build configuration list for PBXNativeTarget "ChoreAppUITests" */ = {
			isa = XCConfigurationList;
			buildConfigurations = (
				85D5B9DE22E3D5E800171568 /* Debug */,
				85D5B9DF22E3D5E800171568 /* Release */,
			);
			defaultConfigurationIsVisible = 0;
			defaultConfigurationName = Release;
		};
/* End XCConfigurationList section */
	};
	rootObject = 85D5B9A722E3D5E700171568 /* Project object */;
}
